// !$*UTF8*$!
{
	archiveVersion = 1;
	classes = {
	};
	objectVersion = 56;
	objects = {

/* Begin PBXBuildFile section */
		4CB0F1E42B40A45D00A45A1D /* AppDelegate.swift in Sources */ = {isa = PBXBuildFile; fileRef = 4CB0F1E32B40A45D00A45A1D /* AppDelegate.swift */; };
		4CB0F1E62B40A45D00A45A1D /* GameScene.sks in Resources */ = {isa = PBXBuildFile; fileRef = 4CB0F1E52B40A45D00A45A1D /* GameScene.sks */; };
		4CB0F1E82B40A45D00A45A1D /* Actions.sks in Resources */ = {isa = PBXBuildFile; fileRef = 4CB0F1E72B40A45D00A45A1D /* Actions.sks */; };
		4CB0F1EA2B40A45D00A45A1D /* GameScene.swift in Sources */ = {isa = PBXBuildFile; fileRef = 4CB0F1E92B40A45D00A45A1D /* GameScene.swift */; };
		4CB0F1EC2B40A45D00A45A1D /* ViewController.swift in Sources */ = {isa = PBXBuildFile; fileRef = 4CB0F1EB2B40A45D00A45A1D /* ViewController.swift */; };
		4CB0F1EE2B40A45F00A45A1D /* Assets.xcassets in Resources */ = {isa = PBXBuildFile; fileRef = 4CB0F1ED2B40A45F00A45A1D /* Assets.xcassets */; };
		4CB0F1F12B40A45F00A45A1D /* Main.storyboard in Resources */ = {isa = PBXBuildFile; fileRef = 4CB0F1EF2B40A45F00A45A1D /* Main.storyboard */; };
		4CB0F1F92B40AA7600A45A1D /* .gitignore in Resources */ = {isa = PBXBuildFile; fileRef = 4CB0F1F82B40AA7600A45A1D /* .gitignore */; };
		4CFF2BE82B44154F00FA5592 /* OpenAI in Frameworks */ = {isa = PBXBuildFile; productRef = 4CFF2BE72B44154F00FA5592 /* OpenAI */; };
/* End PBXBuildFile section */

/* Begin PBXFileReference section */
		4CB0F1E02B40A45D00A45A1D /* paper.app */ = {isa = PBXFileReference; explicitFileType = wrapper.application; includeInIndex = 0; path = paper.app; sourceTree = BUILT_PRODUCTS_DIR; };
		4CB0F1E32B40A45D00A45A1D /* AppDelegate.swift */ = {isa = PBXFileReference; lastKnownFileType = sourcecode.swift; path = AppDelegate.swift; sourceTree = "<group>"; };
		4CB0F1E52B40A45D00A45A1D /* GameScene.sks */ = {isa = PBXFileReference; lastKnownFileType = file.sks; path = GameScene.sks; sourceTree = "<group>"; };
		4CB0F1E72B40A45D00A45A1D /* Actions.sks */ = {isa = PBXFileReference; lastKnownFileType = file.sks; path = Actions.sks; sourceTree = "<group>"; };
		4CB0F1E92B40A45D00A45A1D /* GameScene.swift */ = {isa = PBXFileReference; lastKnownFileType = sourcecode.swift; path = GameScene.swift; sourceTree = "<group>"; };
		4CB0F1EB2B40A45D00A45A1D /* ViewController.swift */ = {isa = PBXFileReference; lastKnownFileType = sourcecode.swift; path = ViewController.swift; sourceTree = "<group>"; };
		4CB0F1ED2B40A45F00A45A1D /* Assets.xcassets */ = {isa = PBXFileReference; lastKnownFileType = folder.assetcatalog; path = Assets.xcassets; sourceTree = "<group>"; };
		4CB0F1F02B40A45F00A45A1D /* Base */ = {isa = PBXFileReference; lastKnownFileType = file.storyboard; name = Base; path = Base.lproj/Main.storyboard; sourceTree = "<group>"; };
		4CB0F1F22B40A45F00A45A1D /* paper.entitlements */ = {isa = PBXFileReference; lastKnownFileType = text.plist.entitlements; path = paper.entitlements; sourceTree = "<group>"; };
		4CB0F1F82B40AA7600A45A1D /* .gitignore */ = {isa = PBXFileReference; lastKnownFileType = text; path = .gitignore; sourceTree = "<group>"; };
		4CC31E372B41599500125C3B /* README.md */ = {isa = PBXFileReference; lastKnownFileType = net.daringfireball.markdown; path = README.md; sourceTree = "<group>"; };
/* End PBXFileReference section */

/* Begin PBXFrameworksBuildPhase section */
		4CB0F1DD2B40A45D00A45A1D /* Frameworks */ = {
			isa = PBXFrameworksBuildPhase;
			buildActionMask = 2147483647;
			files = (
				4CFF2BE82B44154F00FA5592 /* OpenAI in Frameworks */,
			);
			runOnlyForDeploymentPostprocessing = 0;
		};
/* End PBXFrameworksBuildPhase section */

/* Begin PBXGroup section */
		4CB0F1D72B40A45D00A45A1D = {
			isa = PBXGroup;
			children = (
				4CC31E372B41599500125C3B /* README.md */,
				4CB0F1F82B40AA7600A45A1D /* .gitignore */,
				4CB0F1E22B40A45D00A45A1D /* paper */,
				4CB0F1E12B40A45D00A45A1D /* Products */,
			);
			sourceTree = "<group>";
		};
		4CB0F1E12B40A45D00A45A1D /* Products */ = {
			isa = PBXGroup;
			children = (
				4CB0F1E02B40A45D00A45A1D /* paper.app */,
			);
			name = Products;
			sourceTree = "<group>";
		};
		4CB0F1E22B40A45D00A45A1D /* paper */ = {
			isa = PBXGroup;
			children = (
				4CB0F1E32B40A45D00A45A1D /* AppDelegate.swift */,
				4CB0F1E52B40A45D00A45A1D /* GameScene.sks */,
				4CB0F1E72B40A45D00A45A1D /* Actions.sks */,
				4CB0F1E92B40A45D00A45A1D /* GameScene.swift */,
				4CB0F1EB2B40A45D00A45A1D /* ViewController.swift */,
				4CB0F1ED2B40A45F00A45A1D /* Assets.xcassets */,
				4CB0F1EF2B40A45F00A45A1D /* Main.storyboard */,
				4CB0F1F22B40A45F00A45A1D /* paper.entitlements */,
			);
			path = paper;
			sourceTree = "<group>";
		};
/* End PBXGroup section */

/* Begin PBXNativeTarget section */
		4CB0F1DF2B40A45D00A45A1D /* paper */ = {
			isa = PBXNativeTarget;
			buildConfigurationList = 4CB0F1F52B40A45F00A45A1D /* Build configuration list for PBXNativeTarget "paper" */;
			buildPhases = (
				4CB0F1DC2B40A45D00A45A1D /* Sources */,
				4CB0F1DD2B40A45D00A45A1D /* Frameworks */,
				4CB0F1DE2B40A45D00A45A1D /* Resources */,
			);
			buildRules = (
			);
			dependencies = (
			);
			name = paper;
			packageProductDependencies = (
				4CFF2BE72B44154F00FA5592 /* OpenAI */,
			);
			productName = paper;
			productReference = 4CB0F1E02B40A45D00A45A1D /* paper.app */;
			productType = "com.apple.product-type.application";
		};
/* End PBXNativeTarget section */

/* Begin PBXProject section */
		4CB0F1D82B40A45D00A45A1D /* Project object */ = {
			isa = PBXProject;
			attributes = {
				BuildIndependentTargetsInParallel = 1;
				LastSwiftUpdateCheck = 1510;
				LastUpgradeCheck = 1510;
				TargetAttributes = {
					4CB0F1DF2B40A45D00A45A1D = {
						CreatedOnToolsVersion = 15.1;
					};
				};
			};
			buildConfigurationList = 4CB0F1DB2B40A45D00A45A1D /* Build configuration list for PBXProject "paper" */;
			compatibilityVersion = "Xcode 14.0";
			developmentRegion = en;
			hasScannedForEncodings = 0;
			knownRegions = (
				en,
				Base,
			);
			mainGroup = 4CB0F1D72B40A45D00A45A1D;
			packageReferences = (
				4CFF2BE62B44154F00FA5592 /* XCRemoteSwiftPackageReference "OpenAI" */,
			);
			productRefGroup = 4CB0F1E12B40A45D00A45A1D /* Products */;
			projectDirPath = "";
			projectRoot = "";
			targets = (
				4CB0F1DF2B40A45D00A45A1D /* paper */,
			);
		};
/* End PBXProject section */

/* Begin PBXResourcesBuildPhase section */
		4CB0F1DE2B40A45D00A45A1D /* Resources */ = {
			isa = PBXResourcesBuildPhase;
			buildActionMask = 2147483647;
			files = (
				4CB0F1F92B40AA7600A45A1D /* .gitignore in Resources */,
				4CB0F1E62B40A45D00A45A1D /* GameScene.sks in Resources */,
				4CB0F1EE2B40A45F00A45A1D /* Assets.xcassets in Resources */,
				4CB0F1E82B40A45D00A45A1D /* Actions.sks in Resources */,
				4CB0F1F12B40A45F00A45A1D /* Main.storyboard in Resources */,
			);
			runOnlyForDeploymentPostprocessing = 0;
		};
/* End PBXResourcesBuildPhase section */

/* Begin PBXSourcesBuildPhase section */
		4CB0F1DC2B40A45D00A45A1D /* Sources */ = {
			isa = PBXSourcesBuildPhase;
			buildActionMask = 2147483647;
			files = (
				4CB0F1EC2B40A45D00A45A1D /* ViewController.swift in Sources */,
				4CB0F1EA2B40A45D00A45A1D /* GameScene.swift in Sources */,
				4CB0F1E42B40A45D00A45A1D /* AppDelegate.swift in Sources */,
			);
			runOnlyForDeploymentPostprocessing = 0;
		};
/* End PBXSourcesBuildPhase section */

/* Begin PBXVariantGroup section */
		4CB0F1EF2B40A45F00A45A1D /* Main.storyboard */ = {
			isa = PBXVariantGroup;
			children = (
				4CB0F1F02B40A45F00A45A1D /* Base */,
			);
			name = Main.storyboard;
			sourceTree = "<group>";
		};
/* End PBXVariantGroup section */

/* Begin XCBuildConfiguration section */
		4CB0F1F32B40A45F00A45A1D /* Debug */ = {
			isa = XCBuildConfiguration;
			buildSettings = {
				ALWAYS_SEARCH_USER_PATHS = NO;
				ASSETCATALOG_COMPILER_GENERATE_SWIFT_ASSET_SYMBOL_EXTENSIONS = YES;
				CLANG_ANALYZER_NONNULL = YES;
				CLANG_ANALYZER_NUMBER_OBJECT_CONVERSION = YES_AGGRESSIVE;
				CLANG_CXX_LANGUAGE_STANDARD = "gnu++20";
				CLANG_ENABLE_MODULES = YES;
				CLANG_ENABLE_OBJC_ARC = YES;
				CLANG_ENABLE_OBJC_WEAK = YES;
				CLANG_WARN_BLOCK_CAPTURE_AUTORELEASING = YES;
				CLANG_WARN_BOOL_CONVERSION = YES;
				CLANG_WARN_COMMA = YES;
				CLANG_WARN_CONSTANT_CONVERSION = YES;
				CLANG_WARN_DEPRECATED_OBJC_IMPLEMENTATIONS = YES;
				CLANG_WARN_DIRECT_OBJC_ISA_USAGE = YES_ERROR;
				CLANG_WARN_DOCUMENTATION_COMMENTS = YES;
				CLANG_WARN_EMPTY_BODY = YES;
				CLANG_WARN_ENUM_CONVERSION = YES;
				CLANG_WARN_INFINITE_RECURSION = YES;
				CLANG_WARN_INT_CONVERSION = YES;
				CLANG_WARN_NON_LITERAL_NULL_CONVERSION = YES;
				CLANG_WARN_OBJC_IMPLICIT_RETAIN_SELF = YES;
				CLANG_WARN_OBJC_LITERAL_CONVERSION = YES;
				CLANG_WARN_OBJC_ROOT_CLASS = YES_ERROR;
				CLANG_WARN_QUOTED_INCLUDE_IN_FRAMEWORK_HEADER = YES;
				CLANG_WARN_RANGE_LOOP_ANALYSIS = YES;
				CLANG_WARN_STRICT_PROTOTYPES = YES;
				CLANG_WARN_SUSPICIOUS_MOVE = YES;
				CLANG_WARN_UNGUARDED_AVAILABILITY = YES_AGGRESSIVE;
				CLANG_WARN_UNREACHABLE_CODE = YES;
				CLANG_WARN__DUPLICATE_METHOD_MATCH = YES;
				COPY_PHASE_STRIP = NO;
				DEAD_CODE_STRIPPING = YES;
				DEBUG_INFORMATION_FORMAT = dwarf;
				ENABLE_STRICT_OBJC_MSGSEND = YES;
				ENABLE_TESTABILITY = YES;
				ENABLE_USER_SCRIPT_SANDBOXING = YES;
				GCC_C_LANGUAGE_STANDARD = gnu17;
				GCC_DYNAMIC_NO_PIC = NO;
				GCC_NO_COMMON_BLOCKS = YES;
				GCC_OPTIMIZATION_LEVEL = 0;
				GCC_PREPROCESSOR_DEFINITIONS = (
					"DEBUG=1",
					"$(inherited)",
				);
				GCC_WARN_64_TO_32_BIT_CONVERSION = YES;
				GCC_WARN_ABOUT_RETURN_TYPE = YES_ERROR;
				GCC_WARN_UNDECLARED_SELECTOR = YES;
				GCC_WARN_UNINITIALIZED_AUTOS = YES_AGGRESSIVE;
				GCC_WARN_UNUSED_FUNCTION = YES;
				GCC_WARN_UNUSED_VARIABLE = YES;
				LOCALIZATION_PREFERS_STRING_CATALOGS = YES;
				MACOSX_DEPLOYMENT_TARGET = 14.2;
				MTL_ENABLE_DEBUG_INFO = INCLUDE_SOURCE;
				MTL_FAST_MATH = YES;
				ONLY_ACTIVE_ARCH = YES;
				SDKROOT = macosx;
				SWIFT_ACTIVE_COMPILATION_CONDITIONS = "DEBUG $(inherited)";
				SWIFT_OPTIMIZATION_LEVEL = "-Onone";
			};
			name = Debug;
		};
		4CB0F1F42B40A45F00A45A1D /* Release */ = {
			isa = XCBuildConfiguration;
			buildSettings = {
				ALWAYS_SEARCH_USER_PATHS = NO;
				ASSETCATALOG_COMPILER_GENERATE_SWIFT_ASSET_SYMBOL_EXTENSIONS = YES;
				CLANG_ANALYZER_NONNULL = YES;
				CLANG_ANALYZER_NUMBER_OBJECT_CONVERSION = YES_AGGRESSIVE;
				CLANG_CXX_LANGUAGE_STANDARD = "gnu++20";
				CLANG_ENABLE_MODULES = YES;
				CLANG_ENABLE_OBJC_ARC = YES;
				CLANG_ENABLE_OBJC_WEAK = YES;
				CLANG_WARN_BLOCK_CAPTURE_AUTORELEASING = YES;
				CLANG_WARN_BOOL_CONVERSION = YES;
				CLANG_WARN_COMMA = YES;
				CLANG_WARN_CONSTANT_CONVERSION = YES;
				CLANG_WARN_DEPRECATED_OBJC_IMPLEMENTATIONS = YES;
				CLANG_WARN_DIRECT_OBJC_ISA_USAGE = YES_ERROR;
				CLANG_WARN_DOCUMENTATION_COMMENTS = YES;
				CLANG_WARN_EMPTY_BODY = YES;
				CLANG_WARN_ENUM_CONVERSION = YES;
				CLANG_WARN_INFINITE_RECURSION = YES;
				CLANG_WARN_INT_CONVERSION = YES;
				CLANG_WARN_NON_LITERAL_NULL_CONVERSION = YES;
				CLANG_WARN_OBJC_IMPLICIT_RETAIN_SELF = YES;
				CLANG_WARN_OBJC_LITERAL_CONVERSION = YES;
				CLANG_WARN_OBJC_ROOT_CLASS = YES_ERROR;
				CLANG_WARN_QUOTED_INCLUDE_IN_FRAMEWORK_HEADER = YES;
				CLANG_WARN_RANGE_LOOP_ANALYSIS = YES;
				CLANG_WARN_STRICT_PROTOTYPES = YES;
				CLANG_WARN_SUSPICIOUS_MOVE = YES;
				CLANG_WARN_UNGUARDED_AVAILABILITY = YES_AGGRESSIVE;
				CLANG_WARN_UNREACHABLE_CODE = YES;
				CLANG_WARN__DUPLICATE_METHOD_MATCH = YES;
				COPY_PHASE_STRIP = NO;
				DEAD_CODE_STRIPPING = YES;
				DEBUG_INFORMATION_FORMAT = "dwarf-with-dsym";
				ENABLE_NS_ASSERTIONS = NO;
				ENABLE_STRICT_OBJC_MSGSEND = YES;
				ENABLE_USER_SCRIPT_SANDBOXING = YES;
				GCC_C_LANGUAGE_STANDARD = gnu17;
				GCC_NO_COMMON_BLOCKS = YES;
				GCC_WARN_64_TO_32_BIT_CONVERSION = YES;
				GCC_WARN_ABOUT_RETURN_TYPE = YES_ERROR;
				GCC_WARN_UNDECLARED_SELECTOR = YES;
				GCC_WARN_UNINITIALIZED_AUTOS = YES_AGGRESSIVE;
				GCC_WARN_UNUSED_FUNCTION = YES;
				GCC_WARN_UNUSED_VARIABLE = YES;
				LOCALIZATION_PREFERS_STRING_CATALOGS = YES;
				MACOSX_DEPLOYMENT_TARGET = 14.2;
				MTL_ENABLE_DEBUG_INFO = NO;
				MTL_FAST_MATH = YES;
				SDKROOT = macosx;
				SWIFT_COMPILATION_MODE = wholemodule;
			};
			name = Release;
		};
		4CB0F1F62B40A45F00A45A1D /* Debug */ = {
			isa = XCBuildConfiguration;
			buildSettings = {
				ASSETCATALOG_COMPILER_APPICON_NAME = AppIcon;
				ASSETCATALOG_COMPILER_GLOBAL_ACCENT_COLOR_NAME = AccentColor;
				CODE_SIGN_ENTITLEMENTS = paper/paper.entitlements;
				CODE_SIGN_STYLE = Automatic;
				COMBINE_HIDPI_IMAGES = YES;
				CURRENT_PROJECT_VERSION = 1;
				DEAD_CODE_STRIPPING = YES;
				DEVELOPMENT_TEAM = RGJG577NFR;
				ENABLE_HARDENED_RUNTIME = YES;
				GENERATE_INFOPLIST_FILE = YES;
				INFOPLIST_KEY_NSHumanReadableCopyright = "";
				INFOPLIST_KEY_NSMainStoryboardFile = Main;
				INFOPLIST_KEY_NSMicrophoneUsageDescription = paper;
				INFOPLIST_KEY_NSPrincipalClass = NSApplication;
				LD_RUNPATH_SEARCH_PATHS = (
					"$(inherited)",
					"@executable_path/../Frameworks",
				);
				MARKETING_VERSION = 1.0;
				PRODUCT_BUNDLE_IDENTIFIER = com.aviralgarg.paper;
				PRODUCT_NAME = "$(TARGET_NAME)";
				SWIFT_EMIT_LOC_STRINGS = YES;
				SWIFT_VERSION = 5.0;
			};
			name = Debug;
		};
		4CB0F1F72B40A45F00A45A1D /* Release */ = {
			isa = XCBuildConfiguration;
			buildSettings = {
				ASSETCATALOG_COMPILER_APPICON_NAME = AppIcon;
				ASSETCATALOG_COMPILER_GLOBAL_ACCENT_COLOR_NAME = AccentColor;
				CODE_SIGN_ENTITLEMENTS = paper/paper.entitlements;
				CODE_SIGN_STYLE = Automatic;
				COMBINE_HIDPI_IMAGES = YES;
				CURRENT_PROJECT_VERSION = 1;
				DEAD_CODE_STRIPPING = YES;
				DEVELOPMENT_TEAM = RGJG577NFR;
				ENABLE_HARDENED_RUNTIME = YES;
				GENERATE_INFOPLIST_FILE = YES;
				INFOPLIST_KEY_NSHumanReadableCopyright = "";
				INFOPLIST_KEY_NSMainStoryboardFile = Main;
				INFOPLIST_KEY_NSMicrophoneUsageDescription = paper;
				INFOPLIST_KEY_NSPrincipalClass = NSApplication;
				LD_RUNPATH_SEARCH_PATHS = (
					"$(inherited)",
					"@executable_path/../Frameworks",
				);
				MARKETING_VERSION = 1.0;
				PRODUCT_BUNDLE_IDENTIFIER = com.aviralgarg.paper;
				PRODUCT_NAME = "$(TARGET_NAME)";
				SWIFT_EMIT_LOC_STRINGS = YES;
				SWIFT_VERSION = 5.0;
			};
			name = Release;
		};
/* End XCBuildConfiguration section */

/* Begin XCConfigurationList section */
		4CB0F1DB2B40A45D00A45A1D /* Build configuration list for PBXProject "paper" */ = {
			isa = XCConfigurationList;
			buildConfigurations = (
				4CB0F1F32B40A45F00A45A1D /* Debug */,
				4CB0F1F42B40A45F00A45A1D /* Release */,
			);
			defaultConfigurationIsVisible = 0;
			defaultConfigurationName = Release;
		};
		4CB0F1F52B40A45F00A45A1D /* Build configuration list for PBXNativeTarget "paper" */ = {
			isa = XCConfigurationList;
			buildConfigurations = (
				4CB0F1F62B40A45F00A45A1D /* Debug */,
				4CB0F1F72B40A45F00A45A1D /* Release */,
			);
			defaultConfigurationIsVisible = 0;
			defaultConfigurationName = Release;
		};
/* End XCConfigurationList section */

/* Begin XCRemoteSwiftPackageReference section */
		4CFF2BE62B44154F00FA5592 /* XCRemoteSwiftPackageReference "OpenAI" */ = {
			isa = XCRemoteSwiftPackageReference;
			repositoryURL = "https://github.com/MacPaw/OpenAI/";
			requirement = {
				kind = upToNextMajorVersion;
				minimumVersion = 0.2.5;
			};
		};
/* End XCRemoteSwiftPackageReference section */

/* Begin XCSwiftPackageProductDependency section */
		4CFF2BE72B44154F00FA5592 /* OpenAI */ = {
			isa = XCSwiftPackageProductDependency;
			package = 4CFF2BE62B44154F00FA5592 /* XCRemoteSwiftPackageReference "OpenAI" */;
			productName = OpenAI;
		};
/* End XCSwiftPackageProductDependency section */
	};
	rootObject = 4CB0F1D82B40A45D00A45A1D /* Project object */;
}
